
Microsoft Visual Studio Solution File, Format Version 12.00
# Visual Studio Version 17
VisualStudioVersion = 17.1.32210.238
MinimumVisualStudioVersion = 10.0.40219.1
Project("{FAE04EC0-301F-11D3-BF4B-00C04F79EFBC}") = "SOLID", "SOLID.csproj", "{01179062-3422-4882-AB86-EBCA2459D81B}"
EndProject
Global
	GlobalSection(SolutionConfigurationPlatforms) = preSolution
		Debug|Any CPU = Debug|Any CPU
		Release|Any CPU = Release|Any CPU
	EndGlobalSection
	GlobalSection(ProjectConfigurationPlatforms) = postSolution
		{01179062-3422-4882-AB86-EBCA2459D81B}.Debug|Any CPU.ActiveCfg = Debug|Any CPU
		{01179062-3422-4882-AB86-EBCA2459D81B}.Debug|Any CPU.Build.0 = Debug|Any CPU
		{01179062-3422-4882-AB86-EBCA2459D81B}.Release|Any CPU.ActiveCfg = Release|Any CPU
		{01179062-3422-4882-AB86-EBCA2459D81B}.Release|Any CPU.Build.0 = Release|Any CPU
	EndGlobalSection
	GlobalSection(SolutionProperties) = preSolution
		HideSolutionNode = FALSE
	EndGlobalSection
	GlobalSection(ExtensibilityGlobals) = postSolution
		SolutionGuid = {E6A2B005-DA44-4DCE-A8E4-E865F1DC1B77}
	EndGlobalSection
EndGlobal
